<?xml version="1.0" encoding="utf-8"?>
<Project ToolsVersion="4.0" xmlns="http://schemas.microsoft.com/developer/msbuild/2003">
  <ItemGroup>
    <ClCompile Include="main.cpp" />
    <ClCompile Include="SceneFactory.cpp">
      <Filter>Scene</Filter>
    </ClCompile>
    <ClCompile Include="SceneManager.cpp">
      <Filter>Scene</Filter>
    </ClCompile>
    <ClCompile Include="Player.cpp">
      <Filter>Scene\Main\Obj\player</Filter>
    </ClCompile>
    <ClCompile Include="MainScene.cpp">
      <Filter>Scene\Main</Filter>
    </ClCompile>
    <ClCompile Include="Asteroid.cpp">
      <Filter>Scene\Main\Obj\Pattern\Asteroid</Filter>
    </ClCompile>
    <ClCompile Include="PatternManager.cpp">
      <Filter>Scene\Main\Obj\Pattern</Filter>
    </ClCompile>
    <ClCompile Include="Pattern.cpp">
      <Filter>Scene\Main\Obj\Pattern</Filter>
    </ClCompile>
    <ClCompile Include="EndlessSystem.cpp">
      <Filter>Scene\Main\Obj\Pattern</Filter>
    </ClCompile>
    <ClCompile Include="Score.cpp">
      <Filter>Score</Filter>
    </ClCompile>
    <ClCompile Include="ResultScene.cpp">
      <Filter>Scene\Result</Filter>
    </ClCompile>
    <ClCompile Include="ResultBackground.cpp">
      <Filter>Scene\Result\Obj\Background</Filter>
    </ClCompile>
    <ClCompile Include="Background.cpp">
      <Filter>Scene\Main\Obj\Background</Filter>
    </ClCompile>
    <ClCompile Include="PushSpaceKey.cpp">
      <Filter>Scene\Title\PushSpaceKey</Filter>
    </ClCompile>
    <ClCompile Include="ScoreUp.cpp">
      <Filter>Scene\Main\Obj\Item</Filter>
    </ClCompile>
    <ClCompile Include="ItemManager.cpp">
      <Filter>Scene\Main\Obj\Item</Filter>
    </ClCompile>
    <ClCompile Include="TitleScene.cpp">
      <Filter>Scene\Title</Filter>
    </ClCompile>
    <ClCompile Include="TitleBackground.cpp">
      <Filter>Scene\Title\Obj</Filter>
    </ClCompile>
    <ClCompile Include="MessageManager.cpp">
      <Filter>Message</Filter>
    </ClCompile>
  </ItemGroup>
  <ItemGroup>
    <ClInclude Include="Common.h" />
    <ClInclude Include="SceneFactory.h">
      <Filter>Scene</Filter>
    </ClInclude>
    <ClInclude Include="SceneManager.h">
      <Filter>Scene</Filter>
    </ClInclude>
    <ClInclude Include="SceneBase.h">
      <Filter>Scene</Filter>
    </ClInclude>
    <ClInclude Include="Player.h">
      <Filter>Scene\Main\Obj\player</Filter>
    </ClInclude>
    <ClInclude Include="MainScene.h">
      <Filter>Scene\Main</Filter>
    </ClInclude>
    <ClInclude Include="Asteroid.h">
      <Filter>Scene\Main\Obj\Pattern\Asteroid</Filter>
    </ClInclude>
    <ClInclude Include="PatternManager.h">
      <Filter>Scene\Main\Obj\Pattern</Filter>
    </ClInclude>
    <ClInclude Include="Pattern.h">
      <Filter>Scene\Main\Obj\Pattern</Filter>
    </ClInclude>
    <ClInclude Include="EndlessSystem.h">
      <Filter>Scene\Main\Obj\Pattern</Filter>
    </ClInclude>
    <ClInclude Include="Score.h">
      <Filter>Score</Filter>
    </ClInclude>
    <ClInclude Include="ResultScene.h">
      <Filter>Scene\Result</Filter>
    </ClInclude>
    <ClInclude Include="ResultBackground.h">
      <Filter>Scene\Result\Obj\Background</Filter>
    </ClInclude>
    <ClInclude Include="Background.h">
      <Filter>Scene\Main\Obj\Background</Filter>
    </ClInclude>
    <ClInclude Include="PushSpaceKey.h">
      <Filter>Scene\Title\PushSpaceKey</Filter>
    </ClInclude>
    <ClInclude Include="ScoreUp.h">
      <Filter>Scene\Main\Obj\Item</Filter>
    </ClInclude>
    <ClInclude Include="ItemManager.h">
      <Filter>Scene\Main\Obj\Item</Filter>
    </ClInclude>
    <ClInclude Include="TitleScene.h">
      <Filter>Scene\Title</Filter>
    </ClInclude>
    <ClInclude Include="TitleBackground.h">
      <Filter>Scene\Title\Obj</Filter>
    </ClInclude>
    <ClInclude Include="MessageManager.h">
      <Filter>Message</Filter>
    </ClInclude>
  </ItemGroup>
  <ItemGroup>
    <Filter Include="Scene">
      <UniqueIdentifier>{4dd273ad-254a-4a39-b5bf-cb2d7c7893d2}</UniqueIdentifier>
    </Filter>
    <Filter Include="Scene\Main">
      <UniqueIdentifier>{5df4e1c1-2c2f-4e81-8dc3-a8e8d597c7ef}</UniqueIdentifier>
    </Filter>
    <Filter Include="Scene\Main\Obj">
      <UniqueIdentifier>{5cc0c244-b26b-4b72-9060-67fae1f078d9}</UniqueIdentifier>
    </Filter>
    <Filter Include="Scene\Main\Obj\player">
      <UniqueIdentifier>{60692c15-ec07-4fb3-bd1f-e98d0e3b3de0}</UniqueIdentifier>
    </Filter>
    <Filter Include="Scene\Main\Obj\Pattern">
      <UniqueIdentifier>{e80300e7-3381-4b7c-86fd-358b27876b43}</UniqueIdentifier>
    </Filter>
    <Filter Include="Scene\Main\Obj\Pattern\Asteroid">
      <UniqueIdentifier>{330bc8de-f1fc-4c3a-8e8e-868b9e21c5c9}</UniqueIdentifier>
    </Filter>
    <Filter Include="Scene\Result">
      <UniqueIdentifier>{87b469fe-3eea-4740-a861-30a5dcf967f7}</UniqueIdentifier>
    </Filter>
    <Filter Include="Scene\Result\Obj">
      <UniqueIdentifier>{218d585b-ce76-48f2-a13f-86392959b7f3}</UniqueIdentifier>
    </Filter>
    <Filter Include="Scene\Main\Obj\Background">
      <UniqueIdentifier>{d98688aa-6d2d-4056-a6cd-692f5b0a42a5}</UniqueIdentifier>
    </Filter>
    <Filter Include="Scene\Result\Obj\Background">
      <UniqueIdentifier>{fe09c87d-452a-4fa2-8a69-2766198f941c}</UniqueIdentifier>
    </Filter>
    <Filter Include="Scene\Main\Obj\Item">
      <UniqueIdentifier>{2fab3eea-92b4-4ed2-8abd-eb65194c3b1f}</UniqueIdentifier>
    </Filter>
    <Filter Include="Score">
      <UniqueIdentifier>{a0e597a4-8f30-4b89-a90d-3611f8c2ae10}</UniqueIdentifier>
    </Filter>
    <Filter Include="Scene\Title">
      <UniqueIdentifier>{8ddc31a6-4e32-4468-a9f5-b10f9a5d49f0}</UniqueIdentifier>
    </Filter>
    <Filter Include="Scene\Title\Obj">
      <UniqueIdentifier>{091a9acb-0f28-4c88-a5cd-b0e62e5abf47}</UniqueIdentifier>
    </Filter>
    <Filter Include="Scene\Title\PushSpaceKey">
      <UniqueIdentifier>{2303abb3-cf46-47e7-9feb-d46642896e79}</UniqueIdentifier>
    </Filter>
    <Filter Include="Message">
      <UniqueIdentifier>{e0ad9f2a-b759-4517-87aa-4012cd3c94df}</UniqueIdentifier>
    </Filter>
  </ItemGroup>
</Project>